// !$*UTF8*$!
{
	archiveVersion = 1;
	classes = {
	};
	objectVersion = 46;
	objects = {

/* Begin PBXBuildFile section */
		2217DAF519FE473A00C20150 /* instagram_fondo.png in Resources */ = {isa = PBXBuildFile; fileRef = 2217DAF319FE473A00C20150 /* instagram_fondo.png */; };
		2217DAF619FE473A00C20150 /* twitter_fondo.png in Resources */ = {isa = PBXBuildFile; fileRef = 2217DAF419FE473A00C20150 /* twitter_fondo.png */; };
		2218A2D1193D449300B3F6B9 /* Downloader.m in Sources */ = {isa = PBXBuildFile; fileRef = 2218A2D0193D449300B3F6B9 /* Downloader.m */; };
		2218A2E0193DB4D300B3F6B9 /* icono_twitter.png in Resources */ = {isa = PBXBuildFile; fileRef = 2218A2D9193DB4D300B3F6B9 /* icono_twitter.png */; };
		224E1B68193AD31F00D94E35 /* Cocoa.framework in Frameworks */ = {isa = PBXBuildFile; fileRef = 224E1B67193AD31F00D94E35 /* Cocoa.framework */; };
		224E1B72193AD31F00D94E35 /* InfoPlist.strings in Resources */ = {isa = PBXBuildFile; fileRef = 224E1B70193AD31F00D94E35 /* InfoPlist.strings */; };
		224E1B74193AD31F00D94E35 /* main.m in Sources */ = {isa = PBXBuildFile; fileRef = 224E1B73193AD31F00D94E35 /* main.m */; };
		224E1B78193AD31F00D94E35 /* Credits.rtf in Resources */ = {isa = PBXBuildFile; fileRef = 224E1B76193AD31F00D94E35 /* Credits.rtf */; };
		224E1B7B193AD31F00D94E35 /* EngageAppDelegate.mm in Sources */ = {isa = PBXBuildFile; fileRef = 224E1B7A193AD31F00D94E35 /* EngageAppDelegate.mm */; };
		224E1B7E193AD31F00D94E35 /* MainMenu.xib in Resources */ = {isa = PBXBuildFile; fileRef = 224E1B7C193AD31F00D94E35 /* MainMenu.xib */; };
		224E1B80193AD31F00D94E35 /* Images.xcassets in Resources */ = {isa = PBXBuildFile; fileRef = 224E1B7F193AD31F00D94E35 /* Images.xcassets */; };
		224E1B87193AD31F00D94E35 /* XCTest.framework in Frameworks */ = {isa = PBXBuildFile; fileRef = 224E1B86193AD31F00D94E35 /* XCTest.framework */; };
		224E1B88193AD31F00D94E35 /* Cocoa.framework in Frameworks */ = {isa = PBXBuildFile; fileRef = 224E1B67193AD31F00D94E35 /* Cocoa.framework */; };
		224E1B90193AD31F00D94E35 /* InfoPlist.strings in Resources */ = {isa = PBXBuildFile; fileRef = 224E1B8E193AD31F00D94E35 /* InfoPlist.strings */; };
		224E1B92193AD31F00D94E35 /* EngageClientTests.m in Sources */ = {isa = PBXBuildFile; fileRef = 224E1B91193AD31F00D94E35 /* EngageClientTests.m */; };
		224E1BA3193AD3BE00D94E35 /* libfreetype.a in Frameworks */ = {isa = PBXBuildFile; fileRef = 224E1B9B193AD3BE00D94E35 /* libfreetype.a */; };
		224E1BA4193AD3BE00D94E35 /* liblibogg.a in Frameworks */ = {isa = PBXBuildFile; fileRef = 224E1B9C193AD3BE00D94E35 /* liblibogg.a */; };
		224E1BA5193AD3BE00D94E35 /* liblibvorbis.a in Frameworks */ = {isa = PBXBuildFile; fileRef = 224E1B9D193AD3BE00D94E35 /* liblibvorbis.a */; };
		224E1BA6193AD3BE00D94E35 /* liblibvorbisfile.a in Frameworks */ = {isa = PBXBuildFile; fileRef = 224E1B9E193AD3BE00D94E35 /* liblibvorbisfile.a */; };
		224E1BA7193AD3BE00D94E35 /* liblua5.1.a in Frameworks */ = {isa = PBXBuildFile; fileRef = 224E1B9F193AD3BE00D94E35 /* liblua5.1.a */; };
		224E1BA8193AD3BE00D94E35 /* libphysfs.a in Frameworks */ = {isa = PBXBuildFile; fileRef = 224E1BA0193AD3BE00D94E35 /* libphysfs.a */; };
		224E1BA9193AD3BE00D94E35 /* libpng15.a in Frameworks */ = {isa = PBXBuildFile; fileRef = 224E1BA1193AD3BE00D94E35 /* libpng15.a */; };
		224E1BAA193AD3BE00D94E35 /* libz.a in Frameworks */ = {isa = PBXBuildFile; fileRef = 224E1BA2193AD3BE00D94E35 /* libz.a */; };
		224E1BAD193AD3D300D94E35 /* libPolycore_d.a in Frameworks */ = {isa = PBXBuildFile; fileRef = 224E1BAB193AD3D300D94E35 /* libPolycore_d.a */; };
		224E1BAE193AD3D300D94E35 /* libPolycore.a in Frameworks */ = {isa = PBXBuildFile; fileRef = 224E1BAC193AD3D300D94E35 /* libPolycore.a */; };
		224E1BB1193AD61000D94E35 /* EngageClientApp.mm in Sources */ = {isa = PBXBuildFile; fileRef = 224E1BAF193AD61000D94E35 /* EngageClientApp.mm */; };
		224E1BB3193ADA6000D94E35 /* OpenAL.framework in Frameworks */ = {isa = PBXBuildFile; fileRef = 224E1BB2193ADA6000D94E35 /* OpenAL.framework */; };
		224E1BB8193ADBEE00D94E35 /* default.pak in Resources */ = {isa = PBXBuildFile; fileRef = 224E1BB7193ADBEE00D94E35 /* default.pak */; };
		22512AC0193C5652009BA32B /* ColorAnimation.m in Sources */ = {isa = PBXBuildFile; fileRef = 22512ABF193C5652009BA32B /* ColorAnimation.m */; };
		22512AC3193C5882009BA32B /* libPolycodeUI.a in Frameworks */ = {isa = PBXBuildFile; fileRef = 22512AC2193C5882009BA32B /* libPolycodeUI.a */; };
		229B9DCD193C4F7300B147C3 /* logo_engagewall.png in Resources */ = {isa = PBXBuildFile; fileRef = 229B9DCC193C4F7300B147C3 /* logo_engagewall.png */; };
		22DC7EDD193C78040051274F /* LoginController.mm in Sources */ = {isa = PBXBuildFile; fileRef = 22DC7EDB193C78040051274F /* LoginController.mm */; };
		22DC7EDE193C78040051274F /* LoginController.xib in Resources */ = {isa = PBXBuildFile; fileRef = 22DC7EDC193C78040051274F /* LoginController.xib */; };
		22DC7EE5193C8CD90051274F /* NSScreen+DisplayInfo.m in Sources */ = {isa = PBXBuildFile; fileRef = 22DC7EE4193C8CD90051274F /* NSScreen+DisplayInfo.m */; };
		22F6CB7C19D5330E00133518 /* instagram.png in Resources */ = {isa = PBXBuildFile; fileRef = 22F6CB7A19D5330E00133518 /* instagram.png */; };
		22F6CB7D19D5330E00133518 /* twitter.png in Resources */ = {isa = PBXBuildFile; fileRef = 22F6CB7B19D5330E00133518 /* twitter.png */; };
/* End PBXBuildFile section */

/* Begin PBXContainerItemProxy section */
		224E1B89193AD31F00D94E35 /* PBXContainerItemProxy */ = {
			isa = PBXContainerItemProxy;
			containerPortal = 224E1B5C193AD31F00D94E35 /* Project object */;
			proxyType = 1;
			remoteGlobalIDString = 224E1B63193AD31F00D94E35;
			remoteInfo = EngageClient;
		};
/* End PBXContainerItemProxy section */

/* Begin PBXFileReference section */
		2217DAF319FE473A00C20150 /* instagram_fondo.png */ = {isa = PBXFileReference; lastKnownFileType = image.png; name = instagram_fondo.png; path = EngageClient/Resources/instagram_fondo.png; sourceTree = "<group>"; };
		2217DAF419FE473A00C20150 /* twitter_fondo.png */ = {isa = PBXFileReference; lastKnownFileType = image.png; name = twitter_fondo.png; path = EngageClient/Resources/twitter_fondo.png; sourceTree = "<group>"; };
		2218A2CF193D449300B3F6B9 /* Downloader.h */ = {isa = PBXFileReference; fileEncoding = 4; lastKnownFileType = sourcecode.c.h; name = Downloader.h; path = EngageClient/Downloader.h; sourceTree = "<group>"; };
		2218A2D0193D449300B3F6B9 /* Downloader.m */ = {isa = PBXFileReference; fileEncoding = 4; lastKnownFileType = sourcecode.c.objc; name = Downloader.m; path = EngageClient/Downloader.m; sourceTree = "<group>"; };
		2218A2D9193DB4D300B3F6B9 /* icono_twitter.png */ = {isa = PBXFileReference; lastKnownFileType = image.png; name = icono_twitter.png; path = EngageClient/Resources/icono_twitter.png; sourceTree = "<group>"; };
		224E1B64193AD31F00D94E35 /* EngageClient.app */ = {isa = PBXFileReference; explicitFileType = wrapper.application; includeInIndex = 0; path = EngageClient.app; sourceTree = BUILT_PRODUCTS_DIR; };
		224E1B67193AD31F00D94E35 /* Cocoa.framework */ = {isa = PBXFileReference; lastKnownFileType = wrapper.framework; name = Cocoa.framework; path = System/Library/Frameworks/Cocoa.framework; sourceTree = SDKROOT; };
		224E1B6A193AD31F00D94E35 /* AppKit.framework */ = {isa = PBXFileReference; lastKnownFileType = wrapper.framework; name = AppKit.framework; path = System/Library/Frameworks/AppKit.framework; sourceTree = SDKROOT; };
		224E1B6B193AD31F00D94E35 /* CoreData.framework */ = {isa = PBXFileReference; lastKnownFileType = wrapper.framework; name = CoreData.framework; path = System/Library/Frameworks/CoreData.framework; sourceTree = SDKROOT; };
		224E1B6C193AD31F00D94E35 /* Foundation.framework */ = {isa = PBXFileReference; lastKnownFileType = wrapper.framework; name = Foundation.framework; path = System/Library/Frameworks/Foundation.framework; sourceTree = SDKROOT; };
		224E1B6F193AD31F00D94E35 /* EngageClient-Info.plist */ = {isa = PBXFileReference; lastKnownFileType = text.plist.xml; path = "EngageClient-Info.plist"; sourceTree = "<group>"; };
		224E1B71193AD31F00D94E35 /* en */ = {isa = PBXFileReference; lastKnownFileType = text.plist.strings; name = en; path = en.lproj/InfoPlist.strings; sourceTree = "<group>"; };
		224E1B73193AD31F00D94E35 /* main.m */ = {isa = PBXFileReference; lastKnownFileType = sourcecode.c.objc; path = main.m; sourceTree = "<group>"; };
		224E1B75193AD31F00D94E35 /* EngageClient-Prefix.pch */ = {isa = PBXFileReference; lastKnownFileType = sourcecode.c.h; path = "EngageClient-Prefix.pch"; sourceTree = "<group>"; };
		224E1B77193AD31F00D94E35 /* en */ = {isa = PBXFileReference; lastKnownFileType = text.rtf; name = en; path = en.lproj/Credits.rtf; sourceTree = "<group>"; };
		224E1B79193AD31F00D94E35 /* EngageAppDelegate.h */ = {isa = PBXFileReference; lastKnownFileType = sourcecode.c.h; path = EngageAppDelegate.h; sourceTree = "<group>"; };
		224E1B7A193AD31F00D94E35 /* EngageAppDelegate.mm */ = {isa = PBXFileReference; lastKnownFileType = sourcecode.cpp.objcpp; path = EngageAppDelegate.mm; sourceTree = "<group>"; };
		224E1B7D193AD31F00D94E35 /* Base */ = {isa = PBXFileReference; lastKnownFileType = file.xib; name = Base; path = Base.lproj/MainMenu.xib; sourceTree = "<group>"; };
		224E1B7F193AD31F00D94E35 /* Images.xcassets */ = {isa = PBXFileReference; lastKnownFileType = folder.assetcatalog; path = Images.xcassets; sourceTree = "<group>"; };
		224E1B85193AD31F00D94E35 /* EngageClientTests.xctest */ = {isa = PBXFileReference; explicitFileType = wrapper.cfbundle; includeInIndex = 0; path = EngageClientTests.xctest; sourceTree = BUILT_PRODUCTS_DIR; };
		224E1B86193AD31F00D94E35 /* XCTest.framework */ = {isa = PBXFileReference; lastKnownFileType = wrapper.framework; name = XCTest.framework; path = Library/Frameworks/XCTest.framework; sourceTree = DEVELOPER_DIR; };
		224E1B8D193AD31F00D94E35 /* EngageClientTests-Info.plist */ = {isa = PBXFileReference; lastKnownFileType = text.plist.xml; path = "EngageClientTests-Info.plist"; sourceTree = "<group>"; };
		224E1B8F193AD31F00D94E35 /* en */ = {isa = PBXFileReference; lastKnownFileType = text.plist.strings; name = en; path = en.lproj/InfoPlist.strings; sourceTree = "<group>"; };
		224E1B91193AD31F00D94E35 /* EngageClientTests.m */ = {isa = PBXFileReference; lastKnownFileType = sourcecode.c.objc; path = EngageClientTests.m; sourceTree = "<group>"; };
		224E1B9B193AD3BE00D94E35 /* libfreetype.a */ = {isa = PBXFileReference; lastKnownFileType = archive.ar; name = libfreetype.a; path = ../Polycode/Release/Darwin/Framework/Core/Dependencies/lib/libfreetype.a; sourceTree = "<group>"; };
		224E1B9C193AD3BE00D94E35 /* liblibogg.a */ = {isa = PBXFileReference; lastKnownFileType = archive.ar; name = liblibogg.a; path = ../Polycode/Release/Darwin/Framework/Core/Dependencies/lib/liblibogg.a; sourceTree = "<group>"; };
		224E1B9D193AD3BE00D94E35 /* liblibvorbis.a */ = {isa = PBXFileReference; lastKnownFileType = archive.ar; name = liblibvorbis.a; path = ../Polycode/Release/Darwin/Framework/Core/Dependencies/lib/liblibvorbis.a; sourceTree = "<group>"; };
		224E1B9E193AD3BE00D94E35 /* liblibvorbisfile.a */ = {isa = PBXFileReference; lastKnownFileType = archive.ar; name = liblibvorbisfile.a; path = ../Polycode/Release/Darwin/Framework/Core/Dependencies/lib/liblibvorbisfile.a; sourceTree = "<group>"; };
		224E1B9F193AD3BE00D94E35 /* liblua5.1.a */ = {isa = PBXFileReference; lastKnownFileType = archive.ar; name = liblua5.1.a; path = ../Polycode/Release/Darwin/Framework/Core/Dependencies/lib/liblua5.1.a; sourceTree = "<group>"; };
		224E1BA0193AD3BE00D94E35 /* libphysfs.a */ = {isa = PBXFileReference; lastKnownFileType = archive.ar; name = libphysfs.a; path = ../Polycode/Release/Darwin/Framework/Core/Dependencies/lib/libphysfs.a; sourceTree = "<group>"; };
		224E1BA1193AD3BE00D94E35 /* libpng15.a */ = {isa = PBXFileReference; lastKnownFileType = archive.ar; name = libpng15.a; path = ../Polycode/Release/Darwin/Framework/Core/Dependencies/lib/libpng15.a; sourceTree = "<group>"; };
		224E1BA2193AD3BE00D94E35 /* libz.a */ = {isa = PBXFileReference; lastKnownFileType = archive.ar; name = libz.a; path = ../Polycode/Release/Darwin/Framework/Core/Dependencies/lib/libz.a; sourceTree = "<group>"; };
		224E1BAB193AD3D300D94E35 /* libPolycore_d.a */ = {isa = PBXFileReference; lastKnownFileType = archive.ar; name = libPolycore_d.a; path = ../Polycode/Release/Darwin/Framework/Core/lib/libPolycore_d.a; sourceTree = "<group>"; };
		224E1BAC193AD3D300D94E35 /* libPolycore.a */ = {isa = PBXFileReference; lastKnownFileType = archive.ar; name = libPolycore.a; path = ../Polycode/Release/Darwin/Framework/Core/lib/libPolycore.a; sourceTree = "<group>"; };
		224E1BAF193AD61000D94E35 /* EngageClientApp.mm */ = {isa = PBXFileReference; fileEncoding = 4; lastKnownFileType = sourcecode.cpp.objcpp; path = EngageClientApp.mm; sourceTree = "<group>"; };
		224E1BB0193AD61000D94E35 /* EngageClientApp.h */ = {isa = PBXFileReference; fileEncoding = 4; lastKnownFileType = sourcecode.c.h; path = EngageClientApp.h; sourceTree = "<group>"; };
		224E1BB2193ADA6000D94E35 /* OpenAL.framework */ = {isa = PBXFileReference; lastKnownFileType = wrapper.framework; name = OpenAL.framework; path = System/Library/Frameworks/OpenAL.framework; sourceTree = SDKROOT; };
		224E1BB7193ADBEE00D94E35 /* default.pak */ = {isa = PBXFileReference; lastKnownFileType = file; name = default.pak; path = EngageClient/Resources/default.pak; sourceTree = "<group>"; };
		22512ABE193C5652009BA32B /* ColorAnimation.h */ = {isa = PBXFileReference; fileEncoding = 4; lastKnownFileType = sourcecode.c.h; path = ColorAnimation.h; sourceTree = "<group>"; };
		22512ABF193C5652009BA32B /* ColorAnimation.m */ = {isa = PBXFileReference; fileEncoding = 4; lastKnownFileType = sourcecode.c.objc; path = ColorAnimation.m; sourceTree = "<group>"; };
		22512AC2193C5882009BA32B /* libPolycodeUI.a */ = {isa = PBXFileReference; lastKnownFileType = archive.ar; name = libPolycodeUI.a; path = ../Polycode/Release/Darwin/Framework/Modules/lib/libPolycodeUI.a; sourceTree = "<group>"; };
		229B9DCC193C4F7300B147C3 /* logo_engagewall.png */ = {isa = PBXFileReference; lastKnownFileType = image.png; name = logo_engagewall.png; path = EngageClient/Resources/logo_engagewall.png; sourceTree = "<group>"; };
		22DC7EDA193C78040051274F /* LoginController.h */ = {isa = PBXFileReference; fileEncoding = 4; lastKnownFileType = sourcecode.c.h; path = LoginController.h; sourceTree = "<group>"; };
		22DC7EDB193C78040051274F /* LoginController.mm */ = {isa = PBXFileReference; fileEncoding = 4; lastKnownFileType = sourcecode.cpp.objcpp; path = LoginController.mm; sourceTree = "<group>"; };
		22DC7EDC193C78040051274F /* LoginController.xib */ = {isa = PBXFileReference; fileEncoding = 4; lastKnownFileType = file.xib; path = LoginController.xib; sourceTree = "<group>"; };
		22DC7EE3193C8CD90051274F /* NSScreen+DisplayInfo.h */ = {isa = PBXFileReference; fileEncoding = 4; lastKnownFileType = sourcecode.c.h; name = "NSScreen+DisplayInfo.h"; path = "EngageClient/NSScreen+DisplayInfo.h"; sourceTree = "<group>"; };
		22DC7EE4193C8CD90051274F /* NSScreen+DisplayInfo.m */ = {isa = PBXFileReference; fileEncoding = 4; lastKnownFileType = sourcecode.c.objc; name = "NSScreen+DisplayInfo.m"; path = "EngageClient/NSScreen+DisplayInfo.m"; sourceTree = "<group>"; };
		22F6CB7A19D5330E00133518 /* instagram.png */ = {isa = PBXFileReference; lastKnownFileType = image.png; name = instagram.png; path = EngageClient/Resources/instagram.png; sourceTree = "<group>"; };
		22F6CB7B19D5330E00133518 /* twitter.png */ = {isa = PBXFileReference; lastKnownFileType = image.png; name = twitter.png; path = EngageClient/Resources/twitter.png; sourceTree = "<group>"; };
/* End PBXFileReference section */

/* Begin PBXFrameworksBuildPhase section */
		224E1B61193AD31F00D94E35 /* Frameworks */ = {
			isa = PBXFrameworksBuildPhase;
			buildActionMask = 2147483647;
			files = (
				22512AC3193C5882009BA32B /* libPolycodeUI.a in Frameworks */,
				224E1BB3193ADA6000D94E35 /* OpenAL.framework in Frameworks */,
				224E1BAD193AD3D300D94E35 /* libPolycore_d.a in Frameworks */,
				224E1BAE193AD3D300D94E35 /* libPolycore.a in Frameworks */,
				224E1BA3193AD3BE00D94E35 /* libfreetype.a in Frameworks */,
				224E1BA4193AD3BE00D94E35 /* liblibogg.a in Frameworks */,
				224E1BA5193AD3BE00D94E35 /* liblibvorbis.a in Frameworks */,
				224E1BA6193AD3BE00D94E35 /* liblibvorbisfile.a in Frameworks */,
				224E1BA7193AD3BE00D94E35 /* liblua5.1.a in Frameworks */,
				224E1BA8193AD3BE00D94E35 /* libphysfs.a in Frameworks */,
				224E1BA9193AD3BE00D94E35 /* libpng15.a in Frameworks */,
				224E1BAA193AD3BE00D94E35 /* libz.a in Frameworks */,
				224E1B68193AD31F00D94E35 /* Cocoa.framework in Frameworks */,
			);
			runOnlyForDeploymentPostprocessing = 0;
		};
		224E1B82193AD31F00D94E35 /* Frameworks */ = {
			isa = PBXFrameworksBuildPhase;
			buildActionMask = 2147483647;
			files = (
				224E1B88193AD31F00D94E35 /* Cocoa.framework in Frameworks */,
				224E1B87193AD31F00D94E35 /* XCTest.framework in Frameworks */,
			);
			runOnlyForDeploymentPostprocessing = 0;
		};
/* End PBXFrameworksBuildPhase section */

/* Begin PBXGroup section */
		224E1B5B193AD31F00D94E35 = {
			isa = PBXGroup;
			children = (
				2218A2CF193D449300B3F6B9 /* Downloader.h */,
				2218A2D0193D449300B3F6B9 /* Downloader.m */,
				22DC7EE3193C8CD90051274F /* NSScreen+DisplayInfo.h */,
				22DC7EE4193C8CD90051274F /* NSScreen+DisplayInfo.m */,
				22DC7EDA193C78040051274F /* LoginController.h */,
				22DC7EDB193C78040051274F /* LoginController.mm */,
				22DC7EDC193C78040051274F /* LoginController.xib */,
				22512AC1193C5658009BA32B /* Animations */,
				224E1BB6193ADBA300D94E35 /* Resources */,
				224E1B6D193AD31F00D94E35 /* EngageClient */,
				224E1B8B193AD31F00D94E35 /* EngageClientTests */,
				224E1B66193AD31F00D94E35 /* Frameworks */,
				224E1B65193AD31F00D94E35 /* Products */,
			);
			sourceTree = "<group>";
		};
		224E1B65193AD31F00D94E35 /* Products */ = {
			isa = PBXGroup;
			children = (
				224E1B64193AD31F00D94E35 /* EngageClient.app */,
				224E1B85193AD31F00D94E35 /* EngageClientTests.xctest */,
			);
			name = Products;
			sourceTree = "<group>";
		};
		224E1B66193AD31F00D94E35 /* Frameworks */ = {
			isa = PBXGroup;
			children = (
				22512AC2193C5882009BA32B /* libPolycodeUI.a */,
				224E1BB2193ADA6000D94E35 /* OpenAL.framework */,
				224E1BAB193AD3D300D94E35 /* libPolycore_d.a */,
				224E1BAC193AD3D300D94E35 /* libPolycore.a */,
				224E1B9B193AD3BE00D94E35 /* libfreetype.a */,
				224E1B9C193AD3BE00D94E35 /* liblibogg.a */,
				224E1B9D193AD3BE00D94E35 /* liblibvorbis.a */,
				224E1B9E193AD3BE00D94E35 /* liblibvorbisfile.a */,
				224E1B9F193AD3BE00D94E35 /* liblua5.1.a */,
				224E1BA0193AD3BE00D94E35 /* libphysfs.a */,
				224E1BA1193AD3BE00D94E35 /* libpng15.a */,
				224E1BA2193AD3BE00D94E35 /* libz.a */,
				224E1B67193AD31F00D94E35 /* Cocoa.framework */,
				224E1B86193AD31F00D94E35 /* XCTest.framework */,
				224E1B69193AD31F00D94E35 /* Other Frameworks */,
			);
			name = Frameworks;
			sourceTree = "<group>";
		};
		224E1B69193AD31F00D94E35 /* Other Frameworks */ = {
			isa = PBXGroup;
			children = (
				224E1B6A193AD31F00D94E35 /* AppKit.framework */,
				224E1B6B193AD31F00D94E35 /* CoreData.framework */,
				224E1B6C193AD31F00D94E35 /* Foundation.framework */,
			);
			name = "Other Frameworks";
			sourceTree = "<group>";
		};
		224E1B6D193AD31F00D94E35 /* EngageClient */ = {
			isa = PBXGroup;
			children = (
				224E1B79193AD31F00D94E35 /* EngageAppDelegate.h */,
				224E1B7A193AD31F00D94E35 /* EngageAppDelegate.mm */,
				224E1B7C193AD31F00D94E35 /* MainMenu.xib */,
				224E1B7F193AD31F00D94E35 /* Images.xcassets */,
				224E1B6E193AD31F00D94E35 /* Supporting Files */,
				224E1BAF193AD61000D94E35 /* EngageClientApp.mm */,
				224E1BB0193AD61000D94E35 /* EngageClientApp.h */,
			);
			path = EngageClient;
			sourceTree = "<group>";
		};
		224E1B6E193AD31F00D94E35 /* Supporting Files */ = {
			isa = PBXGroup;
			children = (
				224E1B6F193AD31F00D94E35 /* EngageClient-Info.plist */,
				224E1B70193AD31F00D94E35 /* InfoPlist.strings */,
				224E1B73193AD31F00D94E35 /* main.m */,
				224E1B75193AD31F00D94E35 /* EngageClient-Prefix.pch */,
				224E1B76193AD31F00D94E35 /* Credits.rtf */,
			);
			name = "Supporting Files";
			sourceTree = "<group>";
		};
		224E1B8B193AD31F00D94E35 /* EngageClientTests */ = {
			isa = PBXGroup;
			children = (
				224E1B91193AD31F00D94E35 /* EngageClientTests.m */,
				224E1B8C193AD31F00D94E35 /* Supporting Files */,
			);
			path = EngageClientTests;
			sourceTree = "<group>";
		};
		224E1B8C193AD31F00D94E35 /* Supporting Files */ = {
			isa = PBXGroup;
			children = (
				224E1B8D193AD31F00D94E35 /* EngageClientTests-Info.plist */,
				224E1B8E193AD31F00D94E35 /* InfoPlist.strings */,
			);
			name = "Supporting Files";
			sourceTree = "<group>";
		};
		224E1BB6193ADBA300D94E35 /* Resources */ = {
			isa = PBXGroup;
			children = (
				2217DAF319FE473A00C20150 /* instagram_fondo.png */,
				2217DAF419FE473A00C20150 /* twitter_fondo.png */,
				22F6CB7A19D5330E00133518 /* instagram.png */,
				22F6CB7B19D5330E00133518 /* twitter.png */,
				2218A2D9193DB4D300B3F6B9 /* icono_twitter.png */,
				229B9DCC193C4F7300B147C3 /* logo_engagewall.png */,
				224E1BB7193ADBEE00D94E35 /* default.pak */,
			);
			name = Resources;
			sourceTree = "<group>";
		};
		22512AC1193C5658009BA32B /* Animations */ = {
			isa = PBXGroup;
			children = (
				22512ABF193C5652009BA32B /* ColorAnimation.m */,
				22512ABE193C5652009BA32B /* ColorAnimation.h */,
			);
			name = Animations;
			sourceTree = "<group>";
		};
/* End PBXGroup section */

/* Begin PBXNativeTarget section */
		224E1B63193AD31F00D94E35 /* EngageClient */ = {
			isa = PBXNativeTarget;
			buildConfigurationList = 224E1B95193AD31F00D94E35 /* Build configuration list for PBXNativeTarget "EngageClient" */;
			buildPhases = (
				224E1B60193AD31F00D94E35 /* Sources */,
				224E1B61193AD31F00D94E35 /* Frameworks */,
				224E1B62193AD31F00D94E35 /* Resources */,
			);
			buildRules = (
			);
			dependencies = (
			);
			name = EngageClient;
			productName = EngageClient;
			productReference = 224E1B64193AD31F00D94E35 /* EngageClient.app */;
			productType = "com.apple.product-type.application";
		};
		224E1B84193AD31F00D94E35 /* EngageClientTests */ = {
			isa = PBXNativeTarget;
			buildConfigurationList = 224E1B98193AD31F00D94E35 /* Build configuration list for PBXNativeTarget "EngageClientTests" */;
			buildPhases = (
				224E1B81193AD31F00D94E35 /* Sources */,
				224E1B82193AD31F00D94E35 /* Frameworks */,
				224E1B83193AD31F00D94E35 /* Resources */,
			);
			buildRules = (
			);
			dependencies = (
				224E1B8A193AD31F00D94E35 /* PBXTargetDependency */,
			);
			name = EngageClientTests;
			productName = EngageClientTests;
			productReference = 224E1B85193AD31F00D94E35 /* EngageClientTests.xctest */;
			productType = "com.apple.product-type.bundle.unit-test";
		};
/* End PBXNativeTarget section */

/* Begin PBXProject section */
		224E1B5C193AD31F00D94E35 /* Project object */ = {
			isa = PBXProject;
			attributes = {
				CLASSPREFIX = Engage;
				LastUpgradeCheck = 0510;
				ORGANIZATIONNAME = EngageWall;
				TargetAttributes = {
					224E1B84193AD31F00D94E35 = {
						TestTargetID = 224E1B63193AD31F00D94E35;
					};
				};
			};
			buildConfigurationList = 224E1B5F193AD31F00D94E35 /* Build configuration list for PBXProject "EngageClient" */;
			compatibilityVersion = "Xcode 3.2";
			developmentRegion = English;
			hasScannedForEncodings = 0;
			knownRegions = (
				en,
				Base,
			);
			mainGroup = 224E1B5B193AD31F00D94E35;
			productRefGroup = 224E1B65193AD31F00D94E35 /* Products */;
			projectDirPath = "";
			projectRoot = "";
			targets = (
				224E1B63193AD31F00D94E35 /* EngageClient */,
				224E1B84193AD31F00D94E35 /* EngageClientTests */,
			);
		};
/* End PBXProject section */

/* Begin PBXResourcesBuildPhase section */
		224E1B62193AD31F00D94E35 /* Resources */ = {
			isa = PBXResourcesBuildPhase;
			buildActionMask = 2147483647;
			files = (
				224E1B72193AD31F00D94E35 /* InfoPlist.strings in Resources */,
				224E1BB8193ADBEE00D94E35 /* default.pak in Resources */,
				2218A2E0193DB4D300B3F6B9 /* icono_twitter.png in Resources */,
				2217DAF519FE473A00C20150 /* instagram_fondo.png in Resources */,
				224E1B80193AD31F00D94E35 /* Images.xcassets in Resources */,
				22DC7EDE193C78040051274F /* LoginController.xib in Resources */,
				22F6CB7C19D5330E00133518 /* instagram.png in Resources */,
				22F6CB7D19D5330E00133518 /* twitter.png in Resources */,
				2217DAF619FE473A00C20150 /* twitter_fondo.png in Resources */,
				224E1B78193AD31F00D94E35 /* Credits.rtf in Resources */,
				224E1B7E193AD31F00D94E35 /* MainMenu.xib in Resources */,
				229B9DCD193C4F7300B147C3 /* logo_engagewall.png in Resources */,
			);
			runOnlyForDeploymentPostprocessing = 0;
		};
		224E1B83193AD31F00D94E35 /* Resources */ = {
			isa = PBXResourcesBuildPhase;
			buildActionMask = 2147483647;
			files = (
				224E1B90193AD31F00D94E35 /* InfoPlist.strings in Resources */,
			);
			runOnlyForDeploymentPostprocessing = 0;
		};
/* End PBXResourcesBuildPhase section */

/* Begin PBXSourcesBuildPhase section */
		224E1B60193AD31F00D94E35 /* Sources */ = {
			isa = PBXSourcesBuildPhase;
			buildActionMask = 2147483647;
			files = (
				22DC7EDD193C78040051274F /* LoginController.mm in Sources */,
				22DC7EE5193C8CD90051274F /* NSScreen+DisplayInfo.m in Sources */,
				224E1B74193AD31F00D94E35 /* main.m in Sources */,
				2218A2D1193D449300B3F6B9 /* Downloader.m in Sources */,
				224E1B7B193AD31F00D94E35 /* EngageAppDelegate.mm in Sources */,
				22512AC0193C5652009BA32B /* ColorAnimation.m in Sources */,
				224E1BB1193AD61000D94E35 /* EngageClientApp.mm in Sources */,
			);
			runOnlyForDeploymentPostprocessing = 0;
		};
		224E1B81193AD31F00D94E35 /* Sources */ = {
			isa = PBXSourcesBuildPhase;
			buildActionMask = 2147483647;
			files = (
				224E1B92193AD31F00D94E35 /* EngageClientTests.m in Sources */,
			);
			runOnlyForDeploymentPostprocessing = 0;
		};
/* End PBXSourcesBuildPhase section */

/* Begin PBXTargetDependency section */
		224E1B8A193AD31F00D94E35 /* PBXTargetDependency */ = {
			isa = PBXTargetDependency;
			target = 224E1B63193AD31F00D94E35 /* EngageClient */;
			targetProxy = 224E1B89193AD31F00D94E35 /* PBXContainerItemProxy */;
		};
/* End PBXTargetDependency section */

/* Begin PBXVariantGroup section */
		224E1B70193AD31F00D94E35 /* InfoPlist.strings */ = {
			isa = PBXVariantGroup;
			children = (
				224E1B71193AD31F00D94E35 /* en */,
			);
			name = InfoPlist.strings;
			sourceTree = "<group>";
		};
		224E1B76193AD31F00D94E35 /* Credits.rtf */ = {
			isa = PBXVariantGroup;
			children = (
				224E1B77193AD31F00D94E35 /* en */,
			);
			name = Credits.rtf;
			sourceTree = "<group>";
		};
		224E1B7C193AD31F00D94E35 /* MainMenu.xib */ = {
			isa = PBXVariantGroup;
			children = (
				224E1B7D193AD31F00D94E35 /* Base */,
			);
			name = MainMenu.xib;
			sourceTree = "<group>";
		};
		224E1B8E193AD31F00D94E35 /* InfoPlist.strings */ = {
			isa = PBXVariantGroup;
			children = (
				224E1B8F193AD31F00D94E35 /* en */,
			);
			name = InfoPlist.strings;
			sourceTree = "<group>";
		};
/* End PBXVariantGroup section */

/* Begin XCBuildConfiguration section */
		224E1B93193AD31F00D94E35 /* Debug */ = {
			isa = XCBuildConfiguration;
			buildSettings = {
				ALWAYS_SEARCH_USER_PATHS = NO;
				CLANG_CXX_LANGUAGE_STANDARD = "gnu++0x";
				CLANG_CXX_LIBRARY = "libc++";
				CLANG_ENABLE_MODULES = YES;
				CLANG_ENABLE_OBJC_ARC = YES;
				CLANG_WARN_BOOL_CONVERSION = YES;
				CLANG_WARN_CONSTANT_CONVERSION = YES;
				CLANG_WARN_DIRECT_OBJC_ISA_USAGE = YES_ERROR;
				CLANG_WARN_EMPTY_BODY = YES;
				CLANG_WARN_ENUM_CONVERSION = YES;
				CLANG_WARN_INT_CONVERSION = YES;
				CLANG_WARN_OBJC_ROOT_CLASS = YES_ERROR;
				CLANG_WARN__DUPLICATE_METHOD_MATCH = YES;
				COPY_PHASE_STRIP = NO;
				GCC_C_LANGUAGE_STANDARD = gnu99;
				GCC_DYNAMIC_NO_PIC = NO;
				GCC_ENABLE_OBJC_EXCEPTIONS = YES;
				GCC_OPTIMIZATION_LEVEL = 0;
				GCC_PREPROCESSOR_DEFINITIONS = (
					"DEBUG=1",
					"$(inherited)",
				);
				GCC_SYMBOLS_PRIVATE_EXTERN = NO;
				GCC_WARN_64_TO_32_BIT_CONVERSION = YES;
				GCC_WARN_ABOUT_RETURN_TYPE = YES_ERROR;
				GCC_WARN_UNDECLARED_SELECTOR = YES;
				GCC_WARN_UNINITIALIZED_AUTOS = YES_AGGRESSIVE;
				GCC_WARN_UNUSED_FUNCTION = YES;
				GCC_WARN_UNUSED_VARIABLE = YES;
				MACOSX_DEPLOYMENT_TARGET = 10.9;
				ONLY_ACTIVE_ARCH = YES;
				SDKROOT = macosx;
			};
			name = Debug;
		};
		224E1B94193AD31F00D94E35 /* Release */ = {
			isa = XCBuildConfiguration;
			buildSettings = {
				ALWAYS_SEARCH_USER_PATHS = NO;
				CLANG_CXX_LANGUAGE_STANDARD = "gnu++0x";
				CLANG_CXX_LIBRARY = "libc++";
				CLANG_ENABLE_MODULES = YES;
				CLANG_ENABLE_OBJC_ARC = YES;
				CLANG_WARN_BOOL_CONVERSION = YES;
				CLANG_WARN_CONSTANT_CONVERSION = YES;
				CLANG_WARN_DIRECT_OBJC_ISA_USAGE = YES_ERROR;
				CLANG_WARN_EMPTY_BODY = YES;
				CLANG_WARN_ENUM_CONVERSION = YES;
				CLANG_WARN_INT_CONVERSION = YES;
				CLANG_WARN_OBJC_ROOT_CLASS = YES_ERROR;
				CLANG_WARN__DUPLICATE_METHOD_MATCH = YES;
				COPY_PHASE_STRIP = YES;
				DEBUG_INFORMATION_FORMAT = "dwarf-with-dsym";
				ENABLE_NS_ASSERTIONS = NO;
				GCC_C_LANGUAGE_STANDARD = gnu99;
				GCC_ENABLE_OBJC_EXCEPTIONS = YES;
				GCC_WARN_64_TO_32_BIT_CONVERSION = YES;
				GCC_WARN_ABOUT_RETURN_TYPE = YES_ERROR;
				GCC_WARN_UNDECLARED_SELECTOR = YES;
				GCC_WARN_UNINITIALIZED_AUTOS = YES_AGGRESSIVE;
				GCC_WARN_UNUSED_FUNCTION = YES;
				GCC_WARN_UNUSED_VARIABLE = YES;
				MACOSX_DEPLOYMENT_TARGET = 10.9;
				SDKROOT = macosx;
			};
			name = Release;
		};
		224E1B96193AD31F00D94E35 /* Debug */ = {
			isa = XCBuildConfiguration;
			buildSettings = {
				ASSETCATALOG_COMPILER_APPICON_NAME = AppIcon;
				COMBINE_HIDPI_IMAGES = YES;
				GCC_PRECOMPILE_PREFIX_HEADER = YES;
				GCC_PREFIX_HEADER = "EngageClient/EngageClient-Prefix.pch";
				HEADER_SEARCH_PATHS = (
					"$(inherited)",
					/Applications/Xcode.app/Contents/Developer/Toolchains/XcodeDefault.xctoolchain/usr/include,
					/Users/iamedu/Development/iamedu/Polycode/Release/Darwin/Framework/Core/PolycodeView,
					/Users/iamedu/Development/iamedu/Polycode/Release/Darwin/Framework/Core/include,
					/Users/iamedu/Development/iamedu/Polycode/Release/Darwin/Framework/Core/Dependencies/include,
					/Users/iamedu/Development/iamedu/Polycode/Modules/Contents/UI/Include,
				);
				INFOPLIST_FILE = "EngageClient/EngageClient-Info.plist";
				LIBRARY_SEARCH_PATHS = (
					"$(inherited)",
					/Users/iamedu/Development/iamedu/Polycode/Release/Darwin/Framework/Core/Dependencies/lib,
					/Users/iamedu/Development/iamedu/Polycode/Release/Darwin/Framework/Core/lib,
					/Users/iamedu/Development/iamedu/Polycode/Release/Darwin/Framework/Modules/lib,
				);
				MACOSX_DEPLOYMENT_TARGET = 10.7;
				PRODUCT_NAME = "$(TARGET_NAME)";
				SDKROOT = macosx;
				WRAPPER_EXTENSION = app;
			};
			name = Debug;
		};
		224E1B97193AD31F00D94E35 /* Release */ = {
			isa = XCBuildConfiguration;
			buildSettings = {
				ASSETCATALOG_COMPILER_APPICON_NAME = AppIcon;
				COMBINE_HIDPI_IMAGES = YES;
				GCC_PRECOMPILE_PREFIX_HEADER = YES;
				GCC_PREFIX_HEADER = "EngageClient/EngageClient-Prefix.pch";
				HEADER_SEARCH_PATHS = (
					"$(inherited)",
					/Applications/Xcode.app/Contents/Developer/Toolchains/XcodeDefault.xctoolchain/usr/include,
					/Users/iamedu/Development/iamedu/Polycode/Release/Darwin/Framework/Core/PolycodeView,
					/Users/iamedu/Development/iamedu/Polycode/Release/Darwin/Framework/Core/include,
					/Users/iamedu/Development/iamedu/Polycode/Release/Darwin/Framework/Core/Dependencies/include,
					/Users/iamedu/Development/iamedu/Polycode/Modules/Contents/UI/Include,
				);
				INFOPLIST_FILE = "EngageClient/EngageClient-Info.plist";
				LIBRARY_SEARCH_PATHS = (
					"$(inherited)",
					/Users/iamedu/Development/iamedu/Polycode/Release/Darwin/Framework/Core/Dependencies/lib,
					/Users/iamedu/Development/iamedu/Polycode/Release/Darwin/Framework/Core/lib,
					/Users/iamedu/Development/iamedu/Polycode/Release/Darwin/Framework/Modules/lib,
				);
				MACOSX_DEPLOYMENT_TARGET = 10.7;
				PRODUCT_NAME = "$(TARGET_NAME)";
				SDKROOT = macosx;
				WRAPPER_EXTENSION = app;
			};
			name = Release;
		};
		224E1B99193AD31F00D94E35 /* Debug */ = {
			isa = XCBuildConfiguration;
			buildSettings = {
				BUNDLE_LOADER = "$(BUILT_PRODUCTS_DIR)/EngageClient.app/Contents/MacOS/EngageClient";
				COMBINE_HIDPI_IMAGES = YES;
				FRAMEWORK_SEARCH_PATHS = (
					"$(DEVELOPER_FRAMEWORKS_DIR)",
					"$(inherited)",
				);
				GCC_PRECOMPILE_PREFIX_HEADER = YES;
				GCC_PREFIX_HEADER = "EngageClient/EngageClient-Prefix.pch";
				GCC_PREPROCESSOR_DEFINITIONS = (
					"DEBUG=1",
					"$(inherited)",
				);
				INFOPLIST_FILE = "EngageClientTests/EngageClientTests-Info.plist";
				PRODUCT_NAME = "$(TARGET_NAME)";
				TEST_HOST = "$(BUNDLE_LOADER)";
				WRAPPER_EXTENSION = xctest;
			};
			name = Debug;
		};
		224E1B9A193AD31F00D94E35 /* Release */ = {
			isa = XCBuildConfiguration;
			buildSettings = {
				BUNDLE_LOADER = "$(BUILT_PRODUCTS_DIR)/EngageClient.app/Contents/MacOS/EngageClient";
				COMBINE_HIDPI_IMAGES = YES;
				FRAMEWORK_SEARCH_PATHS = (
					"$(DEVELOPER_FRAMEWORKS_DIR)",
					"$(inherited)",
				);
				GCC_PRECOMPILE_PREFIX_HEADER = YES;
				GCC_PREFIX_HEADER = "EngageClient/EngageClient-Prefix.pch";
				INFOPLIST_FILE = "EngageClientTests/EngageClientTests-Info.plist";
				PRODUCT_NAME = "$(TARGET_NAME)";
				TEST_HOST = "$(BUNDLE_LOADER)";
				WRAPPER_EXTENSION = xctest;
			};
			name = Release;
		};
/* End XCBuildConfiguration section */

/* Begin XCConfigurationList section */
		224E1B5F193AD31F00D94E35 /* Build configuration list for PBXProject "EngageClient" */ = {
			isa = XCConfigurationList;
			buildConfigurations = (
				224E1B93193AD31F00D94E35 /* Debug */,
				224E1B94193AD31F00D94E35 /* Release */,
			);
			defaultConfigurationIsVisible = 0;
			defaultConfigurationName = Release;
		};
		224E1B95193AD31F00D94E35 /* Build configuration list for PBXNativeTarget "EngageClient" */ = {
			isa = XCConfigurationList;
			buildConfigurations = (
				224E1B96193AD31F00D94E35 /* Debug */,
				224E1B97193AD31F00D94E35 /* Release */,
			);
			defaultConfigurationIsVisible = 0;
			defaultConfigurationName = Release;
		};
		224E1B98193AD31F00D94E35 /* Build configuration list for PBXNativeTarget "EngageClientTests" */ = {
			isa = XCConfigurationList;
			buildConfigurations = (
				224E1B99193AD31F00D94E35 /* Debug */,
				224E1B9A193AD31F00D94E35 /* Release */,
			);
			defaultConfigurationIsVisible = 0;
			defaultConfigurationName = Release;
		};
/* End XCConfigurationList section */
	};
	rootObject = 224E1B5C193AD31F00D94E35 /* Project object */;
}
