// !$*UTF8*$!
{
	archiveVersion = 1;
	classes = {
	};
	objectVersion = 46;
	objects = {

/* Begin PBXBuildFile section */
		224E1B68193AD31F00D94E35 /* Cocoa.framework in Frameworks */ = {isa = PBXBuildFile; fileRef = 224E1B67193AD31F00D94E35 /* Cocoa.framework */; };
		224E1B72193AD31F00D94E35 /* InfoPlist.strings in Resources */ = {isa = PBXBuildFile; fileRef = 224E1B70193AD31F00D94E35 /* InfoPlist.strings */; };
		224E1B74193AD31F00D94E35 /* main.m in Sources */ = {isa = PBXBuildFile; fileRef = 224E1B73193AD31F00D94E35 /* main.m */; };
		224E1B78193AD31F00D94E35 /* Credits.rtf in Resources */ = {isa = PBXBuildFile; fileRef = 224E1B76193AD31F00D94E35 /* Credits.rtf */; };
		224E1B7B193AD31F00D94E35 /* EngageAppDelegate.m in Sources */ = {isa = PBXBuildFile; fileRef = 224E1B7A193AD31F00D94E35 /* EngageAppDelegate.m */; };
		224E1B7E193AD31F00D94E35 /* MainMenu.xib in Resources */ = {isa = PBXBuildFile; fileRef = 224E1B7C193AD31F00D94E35 /* MainMenu.xib */; };
		224E1B80193AD31F00D94E35 /* Images.xcassets in Resources */ = {isa = PBXBuildFile; fileRef = 224E1B7F193AD31F00D94E35 /* Images.xcassets */; };
		224E1B87193AD31F00D94E35 /* XCTest.framework in Frameworks */ = {isa = PBXBuildFile; fileRef = 224E1B86193AD31F00D94E35 /* XCTest.framework */; };
		224E1B88193AD31F00D94E35 /* Cocoa.framework in Frameworks */ = {isa = PBXBuildFile; fileRef = 224E1B67193AD31F00D94E35 /* Cocoa.framework */; };
		224E1B90193AD31F00D94E35 /* InfoPlist.strings in Resources */ = {isa = PBXBuildFile; fileRef = 224E1B8E193AD31F00D94E35 /* InfoPlist.strings */; };
		224E1B92193AD31F00D94E35 /* EngageClientTests.m in Sources */ = {isa = PBXBuildFile; fileRef = 224E1B91193AD31F00D94E35 /* EngageClientTests.m */; };
/* End PBXBuildFile section */

/* Begin PBXContainerItemProxy section */
		224E1B89193AD31F00D94E35 /* PBXContainerItemProxy */ = {
			isa = PBXContainerItemProxy;
			containerPortal = 224E1B5C193AD31F00D94E35 /* Project object */;
			proxyType = 1;
			remoteGlobalIDString = 224E1B63193AD31F00D94E35;
			remoteInfo = EngageClient;
		};
/* End PBXContainerItemProxy section */

/* Begin PBXFileReference section */
		224E1B64193AD31F00D94E35 /* EngageClient.app */ = {isa = PBXFileReference; explicitFileType = wrapper.application; includeInIndex = 0; path = EngageClient.app; sourceTree = BUILT_PRODUCTS_DIR; };
		224E1B67193AD31F00D94E35 /* Cocoa.framework */ = {isa = PBXFileReference; lastKnownFileType = wrapper.framework; name = Cocoa.framework; path = System/Library/Frameworks/Cocoa.framework; sourceTree = SDKROOT; };
		224E1B6A193AD31F00D94E35 /* AppKit.framework */ = {isa = PBXFileReference; lastKnownFileType = wrapper.framework; name = AppKit.framework; path = System/Library/Frameworks/AppKit.framework; sourceTree = SDKROOT; };
		224E1B6B193AD31F00D94E35 /* CoreData.framework */ = {isa = PBXFileReference; lastKnownFileType = wrapper.framework; name = CoreData.framework; path = System/Library/Frameworks/CoreData.framework; sourceTree = SDKROOT; };
		224E1B6C193AD31F00D94E35 /* Foundation.framework */ = {isa = PBXFileReference; lastKnownFileType = wrapper.framework; name = Foundation.framework; path = System/Library/Frameworks/Foundation.framework; sourceTree = SDKROOT; };
		224E1B6F193AD31F00D94E35 /* EngageClient-Info.plist */ = {isa = PBXFileReference; lastKnownFileType = text.plist.xml; path = "EngageClient-Info.plist"; sourceTree = "<group>"; };
		224E1B71193AD31F00D94E35 /* en */ = {isa = PBXFileReference; lastKnownFileType = text.plist.strings; name = en; path = en.lproj/InfoPlist.strings; sourceTree = "<group>"; };
		224E1B73193AD31F00D94E35 /* main.m */ = {isa = PBXFileReference; lastKnownFileType = sourcecode.c.objc; path = main.m; sourceTree = "<group>"; };
		224E1B75193AD31F00D94E35 /* EngageClient-Prefix.pch */ = {isa = PBXFileReference; lastKnownFileType = sourcecode.c.h; path = "EngageClient-Prefix.pch"; sourceTree = "<group>"; };
		224E1B77193AD31F00D94E35 /* en */ = {isa = PBXFileReference; lastKnownFileType = text.rtf; name = en; path = en.lproj/Credits.rtf; sourceTree = "<group>"; };
		224E1B79193AD31F00D94E35 /* EngageAppDelegate.h */ = {isa = PBXFileReference; lastKnownFileType = sourcecode.c.h; path = EngageAppDelegate.h; sourceTree = "<group>"; };
		224E1B7A193AD31F00D94E35 /* EngageAppDelegate.m */ = {isa = PBXFileReference; lastKnownFileType = sourcecode.c.objc; path = EngageAppDelegate.m; sourceTree = "<group>"; };
		224E1B7D193AD31F00D94E35 /* Base */ = {isa = PBXFileReference; lastKnownFileType = file.xib; name = Base; path = Base.lproj/MainMenu.xib; sourceTree = "<group>"; };
		224E1B7F193AD31F00D94E35 /* Images.xcassets */ = {isa = PBXFileReference; lastKnownFileType = folder.assetcatalog; path = Images.xcassets; sourceTree = "<group>"; };
		224E1B85193AD31F00D94E35 /* EngageClientTests.xctest */ = {isa = PBXFileReference; explicitFileType = wrapper.cfbundle; includeInIndex = 0; path = EngageClientTests.xctest; sourceTree = BUILT_PRODUCTS_DIR; };
		224E1B86193AD31F00D94E35 /* XCTest.framework */ = {isa = PBXFileReference; lastKnownFileType = wrapper.framework; name = XCTest.framework; path = Library/Frameworks/XCTest.framework; sourceTree = DEVELOPER_DIR; };
		224E1B8D193AD31F00D94E35 /* EngageClientTests-Info.plist */ = {isa = PBXFileReference; lastKnownFileType = text.plist.xml; path = "EngageClientTests-Info.plist"; sourceTree = "<group>"; };
		224E1B8F193AD31F00D94E35 /* en */ = {isa = PBXFileReference; lastKnownFileType = text.plist.strings; name = en; path = en.lproj/InfoPlist.strings; sourceTree = "<group>"; };
		224E1B91193AD31F00D94E35 /* EngageClientTests.m */ = {isa = PBXFileReference; lastKnownFileType = sourcecode.c.objc; path = EngageClientTests.m; sourceTree = "<group>"; };
/* End PBXFileReference section */

/* Begin PBXFrameworksBuildPhase section */
		224E1B61193AD31F00D94E35 /* Frameworks */ = {
			isa = PBXFrameworksBuildPhase;
			buildActionMask = 2147483647;
			files = (
				224E1B68193AD31F00D94E35 /* Cocoa.framework in Frameworks */,
			);
			runOnlyForDeploymentPostprocessing = 0;
		};
		224E1B82193AD31F00D94E35 /* Frameworks */ = {
			isa = PBXFrameworksBuildPhase;
			buildActionMask = 2147483647;
			files = (
				224E1B88193AD31F00D94E35 /* Cocoa.framework in Frameworks */,
				224E1B87193AD31F00D94E35 /* XCTest.framework in Frameworks */,
			);
			runOnlyForDeploymentPostprocessing = 0;
		};
/* End PBXFrameworksBuildPhase section */

/* Begin PBXGroup section */
		224E1B5B193AD31F00D94E35 = {
			isa = PBXGroup;
			children = (
				224E1B6D193AD31F00D94E35 /* EngageClient */,
				224E1B8B193AD31F00D94E35 /* EngageClientTests */,
				224E1B66193AD31F00D94E35 /* Frameworks */,
				224E1B65193AD31F00D94E35 /* Products */,
			);
			sourceTree = "<group>";
		};
		224E1B65193AD31F00D94E35 /* Products */ = {
			isa = PBXGroup;
			children = (
				224E1B64193AD31F00D94E35 /* EngageClient.app */,
				224E1B85193AD31F00D94E35 /* EngageClientTests.xctest */,
			);
			name = Products;
			sourceTree = "<group>";
		};
		224E1B66193AD31F00D94E35 /* Frameworks */ = {
			isa = PBXGroup;
			children = (
				224E1B67193AD31F00D94E35 /* Cocoa.framework */,
				224E1B86193AD31F00D94E35 /* XCTest.framework */,
				224E1B69193AD31F00D94E35 /* Other Frameworks */,
			);
			name = Frameworks;
			sourceTree = "<group>";
		};
		224E1B69193AD31F00D94E35 /* Other Frameworks */ = {
			isa = PBXGroup;
			children = (
				224E1B6A193AD31F00D94E35 /* AppKit.framework */,
				224E1B6B193AD31F00D94E35 /* CoreData.framework */,
				224E1B6C193AD31F00D94E35 /* Foundation.framework */,
			);
			name = "Other Frameworks";
			sourceTree = "<group>";
		};
		224E1B6D193AD31F00D94E35 /* EngageClient */ = {
			isa = PBXGroup;
			children = (
				224E1B79193AD31F00D94E35 /* EngageAppDelegate.h */,
				224E1B7A193AD31F00D94E35 /* EngageAppDelegate.m */,
				224E1B7C193AD31F00D94E35 /* MainMenu.xib */,
				224E1B7F193AD31F00D94E35 /* Images.xcassets */,
				224E1B6E193AD31F00D94E35 /* Supporting Files */,
			);
			path = EngageClient;
			sourceTree = "<group>";
		};
		224E1B6E193AD31F00D94E35 /* Supporting Files */ = {
			isa = PBXGroup;
			children = (
				224E1B6F193AD31F00D94E35 /* EngageClient-Info.plist */,
				224E1B70193AD31F00D94E35 /* InfoPlist.strings */,
				224E1B73193AD31F00D94E35 /* main.m */,
				224E1B75193AD31F00D94E35 /* EngageClient-Prefix.pch */,
				224E1B76193AD31F00D94E35 /* Credits.rtf */,
			);
			name = "Supporting Files";
			sourceTree = "<group>";
		};
		224E1B8B193AD31F00D94E35 /* EngageClientTests */ = {
			isa = PBXGroup;
			children = (
				224E1B91193AD31F00D94E35 /* EngageClientTests.m */,
				224E1B8C193AD31F00D94E35 /* Supporting Files */,
			);
			path = EngageClientTests;
			sourceTree = "<group>";
		};
		224E1B8C193AD31F00D94E35 /* Supporting Files */ = {
			isa = PBXGroup;
			children = (
				224E1B8D193AD31F00D94E35 /* EngageClientTests-Info.plist */,
				224E1B8E193AD31F00D94E35 /* InfoPlist.strings */,
			);
			name = "Supporting Files";
			sourceTree = "<group>";
		};
/* End PBXGroup section */

/* Begin PBXNativeTarget section */
		224E1B63193AD31F00D94E35 /* EngageClient */ = {
			isa = PBXNativeTarget;
			buildConfigurationList = 224E1B95193AD31F00D94E35 /* Build configuration list for PBXNativeTarget "EngageClient" */;
			buildPhases = (
				224E1B60193AD31F00D94E35 /* Sources */,
				224E1B61193AD31F00D94E35 /* Frameworks */,
				224E1B62193AD31F00D94E35 /* Resources */,
			);
			buildRules = (
			);
			dependencies = (
			);
			name = EngageClient;
			productName = EngageClient;
			productReference = 224E1B64193AD31F00D94E35 /* EngageClient.app */;
			productType = "com.apple.product-type.application";
		};
		224E1B84193AD31F00D94E35 /* EngageClientTests */ = {
			isa = PBXNativeTarget;
			buildConfigurationList = 224E1B98193AD31F00D94E35 /* Build configuration list for PBXNativeTarget "EngageClientTests" */;
			buildPhases = (
				224E1B81193AD31F00D94E35 /* Sources */,
				224E1B82193AD31F00D94E35 /* Frameworks */,
				224E1B83193AD31F00D94E35 /* Resources */,
			);
			buildRules = (
			);
			dependencies = (
				224E1B8A193AD31F00D94E35 /* PBXTargetDependency */,
			);
			name = EngageClientTests;
			productName = EngageClientTests;
			productReference = 224E1B85193AD31F00D94E35 /* EngageClientTests.xctest */;
			productType = "com.apple.product-type.bundle.unit-test";
		};
/* End PBXNativeTarget section */

/* Begin PBXProject section */
		224E1B5C193AD31F00D94E35 /* Project object */ = {
			isa = PBXProject;
			attributes = {
				CLASSPREFIX = Engage;
				LastUpgradeCheck = 0510;
				ORGANIZATIONNAME = EngageWall;
				TargetAttributes = {
					224E1B84193AD31F00D94E35 = {
						TestTargetID = 224E1B63193AD31F00D94E35;
					};
				};
			};
			buildConfigurationList = 224E1B5F193AD31F00D94E35 /* Build configuration list for PBXProject "EngageClient" */;
			compatibilityVersion = "Xcode 3.2";
			developmentRegion = English;
			hasScannedForEncodings = 0;
			knownRegions = (
				en,
				Base,
			);
			mainGroup = 224E1B5B193AD31F00D94E35;
			productRefGroup = 224E1B65193AD31F00D94E35 /* Products */;
			projectDirPath = "";
			projectRoot = "";
			targets = (
				224E1B63193AD31F00D94E35 /* EngageClient */,
				224E1B84193AD31F00D94E35 /* EngageClientTests */,
			);
		};
/* End PBXProject section */

/* Begin PBXResourcesBuildPhase section */
		224E1B62193AD31F00D94E35 /* Resources */ = {
			isa = PBXResourcesBuildPhase;
			buildActionMask = 2147483647;
			files = (
				224E1B72193AD31F00D94E35 /* InfoPlist.strings in Resources */,
				224E1B80193AD31F00D94E35 /* Images.xcassets in Resources */,
				224E1B78193AD31F00D94E35 /* Credits.rtf in Resources */,
				224E1B7E193AD31F00D94E35 /* MainMenu.xib in Resources */,
			);
			runOnlyForDeploymentPostprocessing = 0;
		};
		224E1B83193AD31F00D94E35 /* Resources */ = {
			isa = PBXResourcesBuildPhase;
			buildActionMask = 2147483647;
			files = (
				224E1B90193AD31F00D94E35 /* InfoPlist.strings in Resources */,
			);
			runOnlyForDeploymentPostprocessing = 0;
		};
/* End PBXResourcesBuildPhase section */

/* Begin PBXSourcesBuildPhase section */
		224E1B60193AD31F00D94E35 /* Sources */ = {
			isa = PBXSourcesBuildPhase;
			buildActionMask = 2147483647;
			files = (
				224E1B74193AD31F00D94E35 /* main.m in Sources */,
				224E1B7B193AD31F00D94E35 /* EngageAppDelegate.m in Sources */,
			);
			runOnlyForDeploymentPostprocessing = 0;
		};
		224E1B81193AD31F00D94E35 /* Sources */ = {
			isa = PBXSourcesBuildPhase;
			buildActionMask = 2147483647;
			files = (
				224E1B92193AD31F00D94E35 /* EngageClientTests.m in Sources */,
			);
			runOnlyForDeploymentPostprocessing = 0;
		};
/* End PBXSourcesBuildPhase section */

/* Begin PBXTargetDependency section */
		224E1B8A193AD31F00D94E35 /* PBXTargetDependency */ = {
			isa = PBXTargetDependency;
			target = 224E1B63193AD31F00D94E35 /* EngageClient */;
			targetProxy = 224E1B89193AD31F00D94E35 /* PBXContainerItemProxy */;
		};
/* End PBXTargetDependency section */

/* Begin PBXVariantGroup section */
		224E1B70193AD31F00D94E35 /* InfoPlist.strings */ = {
			isa = PBXVariantGroup;
			children = (
				224E1B71193AD31F00D94E35 /* en */,
			);
			name = InfoPlist.strings;
			sourceTree = "<group>";
		};
		224E1B76193AD31F00D94E35 /* Credits.rtf */ = {
			isa = PBXVariantGroup;
			children = (
				224E1B77193AD31F00D94E35 /* en */,
			);
			name = Credits.rtf;
			sourceTree = "<group>";
		};
		224E1B7C193AD31F00D94E35 /* MainMenu.xib */ = {
			isa = PBXVariantGroup;
			children = (
				224E1B7D193AD31F00D94E35 /* Base */,
			);
			name = MainMenu.xib;
			sourceTree = "<group>";
		};
		224E1B8E193AD31F00D94E35 /* InfoPlist.strings */ = {
			isa = PBXVariantGroup;
			children = (
				224E1B8F193AD31F00D94E35 /* en */,
			);
			name = InfoPlist.strings;
			sourceTree = "<group>";
		};
/* End PBXVariantGroup section */

/* Begin XCBuildConfiguration section */
		224E1B93193AD31F00D94E35 /* Debug */ = {
			isa = XCBuildConfiguration;
			buildSettings = {
				ALWAYS_SEARCH_USER_PATHS = NO;
				CLANG_CXX_LANGUAGE_STANDARD = "gnu++0x";
				CLANG_CXX_LIBRARY = "libc++";
				CLANG_ENABLE_MODULES = YES;
				CLANG_ENABLE_OBJC_ARC = YES;
				CLANG_WARN_BOOL_CONVERSION = YES;
				CLANG_WARN_CONSTANT_CONVERSION = YES;
				CLANG_WARN_DIRECT_OBJC_ISA_USAGE = YES_ERROR;
				CLANG_WARN_EMPTY_BODY = YES;
				CLANG_WARN_ENUM_CONVERSION = YES;
				CLANG_WARN_INT_CONVERSION = YES;
				CLANG_WARN_OBJC_ROOT_CLASS = YES_ERROR;
				CLANG_WARN__DUPLICATE_METHOD_MATCH = YES;
				COPY_PHASE_STRIP = NO;
				GCC_C_LANGUAGE_STANDARD = gnu99;
				GCC_DYNAMIC_NO_PIC = NO;
				GCC_ENABLE_OBJC_EXCEPTIONS = YES;
				GCC_OPTIMIZATION_LEVEL = 0;
				GCC_PREPROCESSOR_DEFINITIONS = (
					"DEBUG=1",
					"$(inherited)",
				);
				GCC_SYMBOLS_PRIVATE_EXTERN = NO;
				GCC_WARN_64_TO_32_BIT_CONVERSION = YES;
				GCC_WARN_ABOUT_RETURN_TYPE = YES_ERROR;
				GCC_WARN_UNDECLARED_SELECTOR = YES;
				GCC_WARN_UNINITIALIZED_AUTOS = YES_AGGRESSIVE;
				GCC_WARN_UNUSED_FUNCTION = YES;
				GCC_WARN_UNUSED_VARIABLE = YES;
				MACOSX_DEPLOYMENT_TARGET = 10.9;
				ONLY_ACTIVE_ARCH = YES;
				SDKROOT = macosx;
			};
			name = Debug;
		};
		224E1B94193AD31F00D94E35 /* Release */ = {
			isa = XCBuildConfiguration;
			buildSettings = {
				ALWAYS_SEARCH_USER_PATHS = NO;
				CLANG_CXX_LANGUAGE_STANDARD = "gnu++0x";
				CLANG_CXX_LIBRARY = "libc++";
				CLANG_ENABLE_MODULES = YES;
				CLANG_ENABLE_OBJC_ARC = YES;
				CLANG_WARN_BOOL_CONVERSION = YES;
				CLANG_WARN_CONSTANT_CONVERSION = YES;
				CLANG_WARN_DIRECT_OBJC_ISA_USAGE = YES_ERROR;
				CLANG_WARN_EMPTY_BODY = YES;
				CLANG_WARN_ENUM_CONVERSION = YES;
				CLANG_WARN_INT_CONVERSION = YES;
				CLANG_WARN_OBJC_ROOT_CLASS = YES_ERROR;
				CLANG_WARN__DUPLICATE_METHOD_MATCH = YES;
				COPY_PHASE_STRIP = YES;
				DEBUG_INFORMATION_FORMAT = "dwarf-with-dsym";
				ENABLE_NS_ASSERTIONS = NO;
				GCC_C_LANGUAGE_STANDARD = gnu99;
				GCC_ENABLE_OBJC_EXCEPTIONS = YES;
				GCC_WARN_64_TO_32_BIT_CONVERSION = YES;
				GCC_WARN_ABOUT_RETURN_TYPE = YES_ERROR;
				GCC_WARN_UNDECLARED_SELECTOR = YES;
				GCC_WARN_UNINITIALIZED_AUTOS = YES_AGGRESSIVE;
				GCC_WARN_UNUSED_FUNCTION = YES;
				GCC_WARN_UNUSED_VARIABLE = YES;
				MACOSX_DEPLOYMENT_TARGET = 10.9;
				SDKROOT = macosx;
			};
			name = Release;
		};
		224E1B96193AD31F00D94E35 /* Debug */ = {
			isa = XCBuildConfiguration;
			buildSettings = {
				ASSETCATALOG_COMPILER_APPICON_NAME = AppIcon;
				COMBINE_HIDPI_IMAGES = YES;
				GCC_PRECOMPILE_PREFIX_HEADER = YES;
				GCC_PREFIX_HEADER = "EngageClient/EngageClient-Prefix.pch";
				INFOPLIST_FILE = "EngageClient/EngageClient-Info.plist";
				PRODUCT_NAME = "$(TARGET_NAME)";
				WRAPPER_EXTENSION = app;
			};
			name = Debug;
		};
		224E1B97193AD31F00D94E35 /* Release */ = {
			isa = XCBuildConfiguration;
			buildSettings = {
				ASSETCATALOG_COMPILER_APPICON_NAME = AppIcon;
				COMBINE_HIDPI_IMAGES = YES;
				GCC_PRECOMPILE_PREFIX_HEADER = YES;
				GCC_PREFIX_HEADER = "EngageClient/EngageClient-Prefix.pch";
				INFOPLIST_FILE = "EngageClient/EngageClient-Info.plist";
				PRODUCT_NAME = "$(TARGET_NAME)";
				WRAPPER_EXTENSION = app;
			};
			name = Release;
		};
		224E1B99193AD31F00D94E35 /* Debug */ = {
			isa = XCBuildConfiguration;
			buildSettings = {
				BUNDLE_LOADER = "$(BUILT_PRODUCTS_DIR)/EngageClient.app/Contents/MacOS/EngageClient";
				COMBINE_HIDPI_IMAGES = YES;
				FRAMEWORK_SEARCH_PATHS = (
					"$(DEVELOPER_FRAMEWORKS_DIR)",
					"$(inherited)",
				);
				GCC_PRECOMPILE_PREFIX_HEADER = YES;
				GCC_PREFIX_HEADER = "EngageClient/EngageClient-Prefix.pch";
				GCC_PREPROCESSOR_DEFINITIONS = (
					"DEBUG=1",
					"$(inherited)",
				);
				INFOPLIST_FILE = "EngageClientTests/EngageClientTests-Info.plist";
				PRODUCT_NAME = "$(TARGET_NAME)";
				TEST_HOST = "$(BUNDLE_LOADER)";
				WRAPPER_EXTENSION = xctest;
			};
			name = Debug;
		};
		224E1B9A193AD31F00D94E35 /* Release */ = {
			isa = XCBuildConfiguration;
			buildSettings = {
				BUNDLE_LOADER = "$(BUILT_PRODUCTS_DIR)/EngageClient.app/Contents/MacOS/EngageClient";
				COMBINE_HIDPI_IMAGES = YES;
				FRAMEWORK_SEARCH_PATHS = (
					"$(DEVELOPER_FRAMEWORKS_DIR)",
					"$(inherited)",
				);
				GCC_PRECOMPILE_PREFIX_HEADER = YES;
				GCC_PREFIX_HEADER = "EngageClient/EngageClient-Prefix.pch";
				INFOPLIST_FILE = "EngageClientTests/EngageClientTests-Info.plist";
				PRODUCT_NAME = "$(TARGET_NAME)";
				TEST_HOST = "$(BUNDLE_LOADER)";
				WRAPPER_EXTENSION = xctest;
			};
			name = Release;
		};
/* End XCBuildConfiguration section */

/* Begin XCConfigurationList section */
		224E1B5F193AD31F00D94E35 /* Build configuration list for PBXProject "EngageClient" */ = {
			isa = XCConfigurationList;
			buildConfigurations = (
				224E1B93193AD31F00D94E35 /* Debug */,
				224E1B94193AD31F00D94E35 /* Release */,
			);
			defaultConfigurationIsVisible = 0;
			defaultConfigurationName = Release;
		};
		224E1B95193AD31F00D94E35 /* Build configuration list for PBXNativeTarget "EngageClient" */ = {
			isa = XCConfigurationList;
			buildConfigurations = (
				224E1B96193AD31F00D94E35 /* Debug */,
				224E1B97193AD31F00D94E35 /* Release */,
			);
			defaultConfigurationIsVisible = 0;
		};
		224E1B98193AD31F00D94E35 /* Build configuration list for PBXNativeTarget "EngageClientTests" */ = {
			isa = XCConfigurationList;
			buildConfigurations = (
				224E1B99193AD31F00D94E35 /* Debug */,
				224E1B9A193AD31F00D94E35 /* Release */,
			);
			defaultConfigurationIsVisible = 0;
		};
/* End XCConfigurationList section */
	};
	rootObject = 224E1B5C193AD31F00D94E35 /* Project object */;
}
